
Microsoft Visual Studio Solution File, Format Version 12.00
# Visual Studio 14
VisualStudioVersion = 14.0.25420.1
MinimumVisualStudioVersion = 10.0.40219.1
Project("{FAE04EC0-301F-11D3-BF4B-00C04F79EFBC}") = "Package", "Package\Package.csproj", "{9C7E26DE-55DD-4AF1-917E-A42E1B950282}"
EndProject
Project("{FAE04EC0-301F-11D3-BF4B-00C04F79EFBC}") = "Core", "Core\Core.csproj", "{30E583E0-47AD-4F24-91B1-DE67D1588B6F}"
EndProject
Project("{FAE04EC0-301F-11D3-BF4B-00C04F79EFBC}") = "Gui", "Gui\Gui.csproj", "{98ADF39C-47A2-4A1B-84D9-12387D3AE410}"
EndProject
Project("{FAE04EC0-301F-11D3-BF4B-00C04F79EFBC}") = "VisualizerServices", "VisualizerServices\VisualizerServices.csproj", "{27F90313-FDCF-4571-BAB4-050AE0FC07B7}"
EndProject
Project("{2150E333-8FDC-42A3-9474-1A3956D46DE8}") = "Test", "Test", "{890BA7C3-44C0-4A1B-9549-C7C62F2FDA93}"
EndProject
Project("{FAE04EC0-301F-11D3-BF4B-00C04F79EFBC}") = "Debuggee", "Test\Debuggee\Debuggee.csproj", "{B11F6CF3-0B7E-492D-B8B9-A45EE441417A}"
EndProject
Project("{FAE04EC0-301F-11D3-BF4B-00C04F79EFBC}") = "DebuggeeVisualizer", "Test\DebuggeeVisualizer\DebuggeeVisualizer.csproj", "{69D9638A-F8D0-4835-B4BF-0BE42597C0F6}"
EndProject
Project("{FAE04EC0-301F-11D3-BF4B-00C04F79EFBC}") = "GuiStandalone", "Test\GuiStandalone\GuiStandalone.csproj", "{B3EC75E3-B05C-43F4-B553-6161AB984010}"
EndProject
Project("{FAE04EC0-301F-11D3-BF4B-00C04F79EFBC}") = "Utility", "Test\Utility\Utility.csproj", "{97058654-F494-4A01-8FF7-B79701334E19}"
EndProject
Global
	GlobalSection(SolutionConfigurationPlatforms) = preSolution
		Debug|Any CPU = Debug|Any CPU
		Release|Any CPU = Release|Any CPU
	EndGlobalSection
	GlobalSection(ProjectConfigurationPlatforms) = postSolution
		{9C7E26DE-55DD-4AF1-917E-A42E1B950282}.Debug|Any CPU.ActiveCfg = Debug|Any CPU
		{9C7E26DE-55DD-4AF1-917E-A42E1B950282}.Debug|Any CPU.Build.0 = Debug|Any CPU
		{9C7E26DE-55DD-4AF1-917E-A42E1B950282}.Release|Any CPU.ActiveCfg = Release|Any CPU
		{9C7E26DE-55DD-4AF1-917E-A42E1B950282}.Release|Any CPU.Build.0 = Release|Any CPU
		{30E583E0-47AD-4F24-91B1-DE67D1588B6F}.Debug|Any CPU.ActiveCfg = Debug|Any CPU
		{30E583E0-47AD-4F24-91B1-DE67D1588B6F}.Debug|Any CPU.Build.0 = Debug|Any CPU
		{30E583E0-47AD-4F24-91B1-DE67D1588B6F}.Release|Any CPU.ActiveCfg = Release|Any CPU
		{30E583E0-47AD-4F24-91B1-DE67D1588B6F}.Release|Any CPU.Build.0 = Release|Any CPU
		{98ADF39C-47A2-4A1B-84D9-12387D3AE410}.Debug|Any CPU.ActiveCfg = Debug|Any CPU
		{98ADF39C-47A2-4A1B-84D9-12387D3AE410}.Debug|Any CPU.Build.0 = Debug|Any CPU
		{98ADF39C-47A2-4A1B-84D9-12387D3AE410}.Release|Any CPU.ActiveCfg = Release|Any CPU
		{98ADF39C-47A2-4A1B-84D9-12387D3AE410}.Release|Any CPU.Build.0 = Release|Any CPU
		{27F90313-FDCF-4571-BAB4-050AE0FC07B7}.Debug|Any CPU.ActiveCfg = Debug|Any CPU
		{27F90313-FDCF-4571-BAB4-050AE0FC07B7}.Debug|Any CPU.Build.0 = Debug|Any CPU
		{27F90313-FDCF-4571-BAB4-050AE0FC07B7}.Release|Any CPU.ActiveCfg = Release|Any CPU
		{27F90313-FDCF-4571-BAB4-050AE0FC07B7}.Release|Any CPU.Build.0 = Release|Any CPU
		{B11F6CF3-0B7E-492D-B8B9-A45EE441417A}.Debug|Any CPU.ActiveCfg = Debug|Any CPU
		{B11F6CF3-0B7E-492D-B8B9-A45EE441417A}.Debug|Any CPU.Build.0 = Debug|Any CPU
		{B11F6CF3-0B7E-492D-B8B9-A45EE441417A}.Release|Any CPU.ActiveCfg = Release|Any CPU
		{B11F6CF3-0B7E-492D-B8B9-A45EE441417A}.Release|Any CPU.Build.0 = Release|Any CPU
		{69D9638A-F8D0-4835-B4BF-0BE42597C0F6}.Debug|Any CPU.ActiveCfg = Debug|Any CPU
		{69D9638A-F8D0-4835-B4BF-0BE42597C0F6}.Debug|Any CPU.Build.0 = Debug|Any CPU
		{69D9638A-F8D0-4835-B4BF-0BE42597C0F6}.Release|Any CPU.ActiveCfg = Release|Any CPU
		{69D9638A-F8D0-4835-B4BF-0BE42597C0F6}.Release|Any CPU.Build.0 = Release|Any CPU
		{B3EC75E3-B05C-43F4-B553-6161AB984010}.Debug|Any CPU.ActiveCfg = Debug|Any CPU
		{B3EC75E3-B05C-43F4-B553-6161AB984010}.Debug|Any CPU.Build.0 = Debug|Any CPU
		{B3EC75E3-B05C-43F4-B553-6161AB984010}.Release|Any CPU.ActiveCfg = Release|Any CPU
		{B3EC75E3-B05C-43F4-B553-6161AB984010}.Release|Any CPU.Build.0 = Release|Any CPU
		{97058654-F494-4A01-8FF7-B79701334E19}.Debug|Any CPU.ActiveCfg = Debug|Any CPU
		{97058654-F494-4A01-8FF7-B79701334E19}.Debug|Any CPU.Build.0 = Debug|Any CPU
		{97058654-F494-4A01-8FF7-B79701334E19}.Release|Any CPU.ActiveCfg = Release|Any CPU
		{97058654-F494-4A01-8FF7-B79701334E19}.Release|Any CPU.Build.0 = Release|Any CPU
	EndGlobalSection
	GlobalSection(SolutionProperties) = preSolution
		HideSolutionNode = FALSE
	EndGlobalSection
	GlobalSection(NestedProjects) = preSolution
		{B11F6CF3-0B7E-492D-B8B9-A45EE441417A} = {890BA7C3-44C0-4A1B-9549-C7C62F2FDA93}
		{69D9638A-F8D0-4835-B4BF-0BE42597C0F6} = {890BA7C3-44C0-4A1B-9549-C7C62F2FDA93}
		{B3EC75E3-B05C-43F4-B553-6161AB984010} = {890BA7C3-44C0-4A1B-9549-C7C62F2FDA93}
		{97058654-F494-4A01-8FF7-B79701334E19} = {890BA7C3-44C0-4A1B-9549-C7C62F2FDA93}
	EndGlobalSection
EndGlobal
